
Microsoft Visual Studio Solution File, Format Version 12.00
# Visual Studio Version 17
VisualStudioVersion = 17.3.32901.215
MinimumVisualStudioVersion = 10.0.40219.1
Project("{FAE04EC0-301F-11D3-BF4B-00C04F79EFBC}") = "Bookings.API", "Bookings.API\Bookings.API.csproj", "{BDE93101-D0C7-47BC-B1D2-77DED8BFCA38}"
EndProject
Project("{2150E333-8FDC-42A3-9474-1A3956D46DE8}") = "Manager", "Manager", "{518DA3E1-7E39-4015-857F-0884D1228CB3}"
EndProject
Project("{2150E333-8FDC-42A3-9474-1A3956D46DE8}") = "UseCases", "UseCases", "{8406272C-38C9-40DC-A482-AFAEB069E459}"
EndProject
Project("{2150E333-8FDC-42A3-9474-1A3956D46DE8}") = "Core", "Core", "{9802FD97-BD10-43D6-B089-E682264503E0}"
EndProject
Project("{2150E333-8FDC-42A3-9474-1A3956D46DE8}") = "Gateway", "Gateway", "{5960B659-9C9A-4192-83B5-3445F926155F}"
EndProject
Project("{FAE04EC0-301F-11D3-BF4B-00C04F79EFBC}") = "Bookings.IoC", "Bookings.IoC\Bookings.IoC.csproj", "{66E7B2A9-304F-4B06-9D0F-5AEC053190F8}"
EndProject
Project("{FAE04EC0-301F-11D3-BF4B-00C04F79EFBC}") = "Bookings.Repositories", "Bookings.Repositories\Bookings.Repositories.csproj", "{ADC58C0D-63A7-4BD3-8124-9D9C7944BD2B}"
EndProject
Project("{FAE04EC0-301F-11D3-BF4B-00C04F79EFBC}") = "Bookings.Entities", "Bookings.Entities\Bookings.Entities.csproj", "{9A43AFE7-E4C0-47F6-8386-B2EC22DF290F}"
EndProject
Project("{FAE04EC0-301F-11D3-BF4B-00C04F79EFBC}") = "Bookings.RepositoryEF", "Bookings.RepositoryEF\Bookings.RepositoryEF.csproj", "{36C4FFFE-E054-4512-A052-9F4363B325F1}"
EndProject
Project("{2150E333-8FDC-42A3-9474-1A3956D46DE8}") = "Infraestructure", "Infraestructure", "{BEACC55D-D5D0-4873-8910-8DE7E2DEBA88}"
EndProject
Project("{FAE04EC0-301F-11D3-BF4B-00C04F79EFBC}") = "Bookings.Controllers", "Bookings.Controllers\Bookings.Controllers.csproj", "{94AF8E87-9512-4E7F-8773-6F1B9B7A5E16}"
EndProject
Project("{2150E333-8FDC-42A3-9474-1A3956D46DE8}") = "Presentation", "Presentation", "{79F48FD7-B18F-41B8-A29D-EE7AE50BC964}"
EndProject
Project("{FAE04EC0-301F-11D3-BF4B-00C04F79EFBC}") = "Bookings.Presenters", "Bookings.Presenters\Bookings.Presenters.csproj", "{6ECE42C1-418D-48B8-95A7-33AAC317FBB4}"
EndProject
Project("{FAE04EC0-301F-11D3-BF4B-00C04F79EFBC}") = "Bookings.DTOs", "Bookings.DTOs\Bookings.DTOs.csproj", "{A5348A3C-C8A1-43EA-9099-A80D095299F6}"
EndProject
Project("{FAE04EC0-301F-11D3-BF4B-00C04F79EFBC}") = "Bookings.UseCases", "Bookings.UseCases\Bookings.UseCases.csproj", "{E0045C4F-7651-4502-A210-911BA2726F89}"
EndProject
Global
	GlobalSection(SolutionConfigurationPlatforms) = preSolution
		Debug|Any CPU = Debug|Any CPU
		Release|Any CPU = Release|Any CPU
	EndGlobalSection
	GlobalSection(ProjectConfigurationPlatforms) = postSolution
		{BDE93101-D0C7-47BC-B1D2-77DED8BFCA38}.Debug|Any CPU.ActiveCfg = Debug|Any CPU
		{BDE93101-D0C7-47BC-B1D2-77DED8BFCA38}.Debug|Any CPU.Build.0 = Debug|Any CPU
		{BDE93101-D0C7-47BC-B1D2-77DED8BFCA38}.Release|Any CPU.ActiveCfg = Release|Any CPU
		{BDE93101-D0C7-47BC-B1D2-77DED8BFCA38}.Release|Any CPU.Build.0 = Release|Any CPU
		{66E7B2A9-304F-4B06-9D0F-5AEC053190F8}.Debug|Any CPU.ActiveCfg = Debug|Any CPU
		{66E7B2A9-304F-4B06-9D0F-5AEC053190F8}.Debug|Any CPU.Build.0 = Debug|Any CPU
		{66E7B2A9-304F-4B06-9D0F-5AEC053190F8}.Release|Any CPU.ActiveCfg = Release|Any CPU
		{66E7B2A9-304F-4B06-9D0F-5AEC053190F8}.Release|Any CPU.Build.0 = Release|Any CPU
		{ADC58C0D-63A7-4BD3-8124-9D9C7944BD2B}.Debug|Any CPU.ActiveCfg = Debug|Any CPU
		{ADC58C0D-63A7-4BD3-8124-9D9C7944BD2B}.Debug|Any CPU.Build.0 = Debug|Any CPU
		{ADC58C0D-63A7-4BD3-8124-9D9C7944BD2B}.Release|Any CPU.ActiveCfg = Release|Any CPU
		{ADC58C0D-63A7-4BD3-8124-9D9C7944BD2B}.Release|Any CPU.Build.0 = Release|Any CPU
		{9A43AFE7-E4C0-47F6-8386-B2EC22DF290F}.Debug|Any CPU.ActiveCfg = Debug|Any CPU
		{9A43AFE7-E4C0-47F6-8386-B2EC22DF290F}.Debug|Any CPU.Build.0 = Debug|Any CPU
		{9A43AFE7-E4C0-47F6-8386-B2EC22DF290F}.Release|Any CPU.ActiveCfg = Release|Any CPU
		{9A43AFE7-E4C0-47F6-8386-B2EC22DF290F}.Release|Any CPU.Build.0 = Release|Any CPU
		{36C4FFFE-E054-4512-A052-9F4363B325F1}.Debug|Any CPU.ActiveCfg = Debug|Any CPU
		{36C4FFFE-E054-4512-A052-9F4363B325F1}.Debug|Any CPU.Build.0 = Debug|Any CPU
		{36C4FFFE-E054-4512-A052-9F4363B325F1}.Release|Any CPU.ActiveCfg = Release|Any CPU
		{36C4FFFE-E054-4512-A052-9F4363B325F1}.Release|Any CPU.Build.0 = Release|Any CPU
		{94AF8E87-9512-4E7F-8773-6F1B9B7A5E16}.Debug|Any CPU.ActiveCfg = Debug|Any CPU
		{94AF8E87-9512-4E7F-8773-6F1B9B7A5E16}.Debug|Any CPU.Build.0 = Debug|Any CPU
		{94AF8E87-9512-4E7F-8773-6F1B9B7A5E16}.Release|Any CPU.ActiveCfg = Release|Any CPU
		{94AF8E87-9512-4E7F-8773-6F1B9B7A5E16}.Release|Any CPU.Build.0 = Release|Any CPU
		{6ECE42C1-418D-48B8-95A7-33AAC317FBB4}.Debug|Any CPU.ActiveCfg = Debug|Any CPU
		{6ECE42C1-418D-48B8-95A7-33AAC317FBB4}.Debug|Any CPU.Build.0 = Debug|Any CPU
		{6ECE42C1-418D-48B8-95A7-33AAC317FBB4}.Release|Any CPU.ActiveCfg = Release|Any CPU
		{6ECE42C1-418D-48B8-95A7-33AAC317FBB4}.Release|Any CPU.Build.0 = Release|Any CPU
		{A5348A3C-C8A1-43EA-9099-A80D095299F6}.Debug|Any CPU.ActiveCfg = Debug|Any CPU
		{A5348A3C-C8A1-43EA-9099-A80D095299F6}.Debug|Any CPU.Build.0 = Debug|Any CPU
		{A5348A3C-C8A1-43EA-9099-A80D095299F6}.Release|Any CPU.ActiveCfg = Release|Any CPU
		{A5348A3C-C8A1-43EA-9099-A80D095299F6}.Release|Any CPU.Build.0 = Release|Any CPU
		{E0045C4F-7651-4502-A210-911BA2726F89}.Debug|Any CPU.ActiveCfg = Debug|Any CPU
		{E0045C4F-7651-4502-A210-911BA2726F89}.Debug|Any CPU.Build.0 = Debug|Any CPU
		{E0045C4F-7651-4502-A210-911BA2726F89}.Release|Any CPU.ActiveCfg = Release|Any CPU
		{E0045C4F-7651-4502-A210-911BA2726F89}.Release|Any CPU.Build.0 = Release|Any CPU
	EndGlobalSection
	GlobalSection(SolutionProperties) = preSolution
		HideSolutionNode = FALSE
	EndGlobalSection
	GlobalSection(NestedProjects) = preSolution
		{5960B659-9C9A-4192-83B5-3445F926155F} = {518DA3E1-7E39-4015-857F-0884D1228CB3}
		{66E7B2A9-304F-4B06-9D0F-5AEC053190F8} = {5960B659-9C9A-4192-83B5-3445F926155F}
		{ADC58C0D-63A7-4BD3-8124-9D9C7944BD2B} = {5960B659-9C9A-4192-83B5-3445F926155F}
		{9A43AFE7-E4C0-47F6-8386-B2EC22DF290F} = {9802FD97-BD10-43D6-B089-E682264503E0}
		{36C4FFFE-E054-4512-A052-9F4363B325F1} = {5960B659-9C9A-4192-83B5-3445F926155F}
		{BEACC55D-D5D0-4873-8910-8DE7E2DEBA88} = {518DA3E1-7E39-4015-857F-0884D1228CB3}
		{94AF8E87-9512-4E7F-8773-6F1B9B7A5E16} = {BEACC55D-D5D0-4873-8910-8DE7E2DEBA88}
		{79F48FD7-B18F-41B8-A29D-EE7AE50BC964} = {518DA3E1-7E39-4015-857F-0884D1228CB3}
		{6ECE42C1-418D-48B8-95A7-33AAC317FBB4} = {79F48FD7-B18F-41B8-A29D-EE7AE50BC964}
		{A5348A3C-C8A1-43EA-9099-A80D095299F6} = {8406272C-38C9-40DC-A482-AFAEB069E459}
		{E0045C4F-7651-4502-A210-911BA2726F89} = {8406272C-38C9-40DC-A482-AFAEB069E459}
	EndGlobalSection
	GlobalSection(ExtensibilityGlobals) = postSolution
		SolutionGuid = {15A4EE2A-212E-44EF-9E36-189F38088947}
	EndGlobalSection
EndGlobal
